
Microsoft Visual Studio Solution File, Format Version 12.00
# Visual Studio Version 17
VisualStudioVersion = 17.13.35825.156 d17.13
MinimumVisualStudioVersion = 10.0.40219.1
Project("{FAE04EC0-301F-11D3-BF4B-00C04F79EFBC}") = "3uzd", "3uzd.csproj", "{0B253287-BDB4-498D-9BCE-7DD1720296BE}"
EndProject
Global
	GlobalSection(SolutionConfigurationPlatforms) = preSolution
		Debug|Any CPU = Debug|Any CPU
		Release|Any CPU = Release|Any CPU
	EndGlobalSection
	GlobalSection(ProjectConfigurationPlatforms) = postSolution
		{0B253287-BDB4-498D-9BCE-7DD1720296BE}.Debug|Any CPU.ActiveCfg = Debug|Any CPU
		{0B253287-BDB4-498D-9BCE-7DD1720296BE}.Debug|Any CPU.Build.0 = Debug|Any CPU
		{0B253287-BDB4-498D-9BCE-7DD1720296BE}.Release|Any CPU.ActiveCfg = Release|Any CPU
		{0B253287-BDB4-498D-9BCE-7DD1720296BE}.Release|Any CPU.Build.0 = Release|Any CPU
	EndGlobalSection
	GlobalSection(SolutionProperties) = preSolution
		HideSolutionNode = FALSE
	EndGlobalSection
	GlobalSection(ExtensibilityGlobals) = postSolution
		SolutionGuid = {E0BD1095-6667-43D7-BF74-CEE396F02ACD}
	EndGlobalSection
EndGlobal
